
Microsoft Visual Studio Solution File, Format Version 12.00
# Visual Studio Version 16
VisualStudioVersion = 16.0.31624.102
MinimumVisualStudioVersion = 10.0.40219.1
Project("{FAE04EC0-301F-11D3-BF4B-00C04F79EFBC}") = "MarketManagmentSystem", "MarketManagmentSystem\MarketManagmentSystem.csproj", "{64D7716A-8C05-4E61-B636-6E33757D4ABE}"
EndProject
Global
	GlobalSection(SolutionConfigurationPlatforms) = preSolution
		Debug|Any CPU = Debug|Any CPU
		Release|Any CPU = Release|Any CPU
	EndGlobalSection
	GlobalSection(ProjectConfigurationPlatforms) = postSolution
		{64D7716A-8C05-4E61-B636-6E33757D4ABE}.Debug|Any CPU.ActiveCfg = Debug|Any CPU
		{64D7716A-8C05-4E61-B636-6E33757D4ABE}.Debug|Any CPU.Build.0 = Debug|Any CPU
		{64D7716A-8C05-4E61-B636-6E33757D4ABE}.Release|Any CPU.ActiveCfg = Release|Any CPU
		{64D7716A-8C05-4E61-B636-6E33757D4ABE}.Release|Any CPU.Build.0 = Release|Any CPU
	EndGlobalSection
	GlobalSection(SolutionProperties) = preSolution
		HideSolutionNode = FALSE
	EndGlobalSection
	GlobalSection(ExtensibilityGlobals) = postSolution
		SolutionGuid = {C8BC88F5-85D5-4AEF-9C4C-3EA5EA23107C}
	EndGlobalSection
EndGlobal
